
Microsoft Visual Studio Solution File, Format Version 12.00
# Visual Studio 15
VisualStudioVersion = 15.0.27428.1
MinimumVisualStudioVersion = 10.0.40219.1
Project("{9A19103F-16F7-4668-BE54-9A1E7A4F7556}") = "CodeItAirlines", "CodeItAirlines\CodeItAirlines.csproj", "{49649D27-8706-4A58-BA1B-CE31B57B5CE6}"
EndProject
Project("{FAE04EC0-301F-11D3-BF4B-00C04F79EFBC}") = "CodeItAirlinesTests", "CodeItAirlinesTests\CodeItAirlinesTests.csproj", "{51B5CA1A-C303-411A-B0E3-35C571A681F9}"
EndProject
Global
	GlobalSection(SolutionConfigurationPlatforms) = preSolution
		Debug|Any CPU = Debug|Any CPU
		Release|Any CPU = Release|Any CPU
	EndGlobalSection
	GlobalSection(ProjectConfigurationPlatforms) = postSolution
		{49649D27-8706-4A58-BA1B-CE31B57B5CE6}.Debug|Any CPU.ActiveCfg = Debug|Any CPU
		{49649D27-8706-4A58-BA1B-CE31B57B5CE6}.Debug|Any CPU.Build.0 = Debug|Any CPU
		{49649D27-8706-4A58-BA1B-CE31B57B5CE6}.Release|Any CPU.ActiveCfg = Release|Any CPU
		{49649D27-8706-4A58-BA1B-CE31B57B5CE6}.Release|Any CPU.Build.0 = Release|Any CPU
		{51B5CA1A-C303-411A-B0E3-35C571A681F9}.Debug|Any CPU.ActiveCfg = Debug|Any CPU
		{51B5CA1A-C303-411A-B0E3-35C571A681F9}.Debug|Any CPU.Build.0 = Debug|Any CPU
		{51B5CA1A-C303-411A-B0E3-35C571A681F9}.Release|Any CPU.ActiveCfg = Release|Any CPU
		{51B5CA1A-C303-411A-B0E3-35C571A681F9}.Release|Any CPU.Build.0 = Release|Any CPU
	EndGlobalSection
	GlobalSection(SolutionProperties) = preSolution
		HideSolutionNode = FALSE
	EndGlobalSection
	GlobalSection(ExtensibilityGlobals) = postSolution
		SolutionGuid = {43E5D9DD-0119-417E-88AB-5637736354CB}
	EndGlobalSection
EndGlobal
